
Microsoft Visual Studio Solution File, Format Version 12.00
# Visual Studio Version 17
VisualStudioVersion = 17.13.35806.99 d17.13
MinimumVisualStudioVersion = 10.0.40219.1
Project("{FAE04EC0-301F-11D3-BF4B-00C04F79EFBC}") = "SpotifyForm", "SpotifyForm\SpotifyForm.csproj", "{212B10DD-1808-431B-839F-796FF91F0C52}"
EndProject
Global
	GlobalSection(SolutionConfigurationPlatforms) = preSolution
		Debug|Any CPU = Debug|Any CPU
		Release|Any CPU = Release|Any CPU
	EndGlobalSection
	GlobalSection(ProjectConfigurationPlatforms) = postSolution
		{212B10DD-1808-431B-839F-796FF91F0C52}.Debug|Any CPU.ActiveCfg = Debug|Any CPU
		{212B10DD-1808-431B-839F-796FF91F0C52}.Debug|Any CPU.Build.0 = Debug|Any CPU
		{212B10DD-1808-431B-839F-796FF91F0C52}.Release|Any CPU.ActiveCfg = Release|Any CPU
		{212B10DD-1808-431B-839F-796FF91F0C52}.Release|Any CPU.Build.0 = Release|Any CPU
	EndGlobalSection
	GlobalSection(SolutionProperties) = preSolution
		HideSolutionNode = FALSE
	EndGlobalSection
	GlobalSection(ExtensibilityGlobals) = postSolution
		SolutionGuid = {D7E1BCB6-2CF5-41BC-9D78-7D93627F321B}
	EndGlobalSection
EndGlobal
