
Microsoft Visual Studio Solution File, Format Version 12.00
# Visual Studio Version 17
VisualStudioVersion = 17.13.35931.197 d17.13
MinimumVisualStudioVersion = 10.0.40219.1
Project("{FAE04EC0-301F-11D3-BF4B-00C04F79EFBC}") = "Lab10", "Lab10.csproj", "{B955F664-865C-4482-912A-7D3F99617332}"
EndProject
Global
	GlobalSection(SolutionConfigurationPlatforms) = preSolution
		Debug|Any CPU = Debug|Any CPU
		Release|Any CPU = Release|Any CPU
	EndGlobalSection
	GlobalSection(ProjectConfigurationPlatforms) = postSolution
		{B955F664-865C-4482-912A-7D3F99617332}.Debug|Any CPU.ActiveCfg = Debug|Any CPU
		{B955F664-865C-4482-912A-7D3F99617332}.Debug|Any CPU.Build.0 = Debug|Any CPU
		{B955F664-865C-4482-912A-7D3F99617332}.Release|Any CPU.ActiveCfg = Release|Any CPU
		{B955F664-865C-4482-912A-7D3F99617332}.Release|Any CPU.Build.0 = Release|Any CPU
	EndGlobalSection
	GlobalSection(SolutionProperties) = preSolution
		HideSolutionNode = FALSE
	EndGlobalSection
	GlobalSection(ExtensibilityGlobals) = postSolution
		SolutionGuid = {DC069B29-B8E1-472C-B4A0-ED79CBDD062B}
	EndGlobalSection
EndGlobal
