
Microsoft Visual Studio Solution File, Format Version 12.00
# Visual Studio Version 17
VisualStudioVersion = 17.13.35806.99 d17.13
MinimumVisualStudioVersion = 10.0.40219.1
Project("{FAE04EC0-301F-11D3-BF4B-00C04F79EFBC}") = "lab7_main", "lab7_main\lab7_main.csproj", "{5AA100E2-C70D-4656-A12C-7586843D787D}"
EndProject
Global
	GlobalSection(SolutionConfigurationPlatforms) = preSolution
		Debug|Any CPU = Debug|Any CPU
		Release|Any CPU = Release|Any CPU
	EndGlobalSection
	GlobalSection(ProjectConfigurationPlatforms) = postSolution
		{5AA100E2-C70D-4656-A12C-7586843D787D}.Debug|Any CPU.ActiveCfg = Debug|Any CPU
		{5AA100E2-C70D-4656-A12C-7586843D787D}.Debug|Any CPU.Build.0 = Debug|Any CPU
		{5AA100E2-C70D-4656-A12C-7586843D787D}.Release|Any CPU.ActiveCfg = Release|Any CPU
		{5AA100E2-C70D-4656-A12C-7586843D787D}.Release|Any CPU.Build.0 = Release|Any CPU
	EndGlobalSection
	GlobalSection(SolutionProperties) = preSolution
		HideSolutionNode = FALSE
	EndGlobalSection
	GlobalSection(ExtensibilityGlobals) = postSolution
		SolutionGuid = {E6C553F4-5C2D-4A90-B31F-7061D00E8AC3}
	EndGlobalSection
EndGlobal
