
Microsoft Visual Studio Solution File, Format Version 12.00
# Visual Studio Version 17
VisualStudioVersion = 17.13.35931.197 d17.13
MinimumVisualStudioVersion = 10.0.40219.1
Project("{FAE04EC0-301F-11D3-BF4B-00C04F79EFBC}") = "Lab8", "Lab8.csproj", "{587A7AB1-C12B-4566-89DB-040595E774A5}"
EndProject
Global
	GlobalSection(SolutionConfigurationPlatforms) = preSolution
		Debug|Any CPU = Debug|Any CPU
		Release|Any CPU = Release|Any CPU
	EndGlobalSection
	GlobalSection(ProjectConfigurationPlatforms) = postSolution
		{587A7AB1-C12B-4566-89DB-040595E774A5}.Debug|Any CPU.ActiveCfg = Debug|Any CPU
		{587A7AB1-C12B-4566-89DB-040595E774A5}.Debug|Any CPU.Build.0 = Debug|Any CPU
		{587A7AB1-C12B-4566-89DB-040595E774A5}.Release|Any CPU.ActiveCfg = Release|Any CPU
		{587A7AB1-C12B-4566-89DB-040595E774A5}.Release|Any CPU.Build.0 = Release|Any CPU
	EndGlobalSection
	GlobalSection(SolutionProperties) = preSolution
		HideSolutionNode = FALSE
	EndGlobalSection
	GlobalSection(ExtensibilityGlobals) = postSolution
		SolutionGuid = {F0FECFDA-D44C-462A-91A7-B3BE44259480}
	EndGlobalSection
EndGlobal
