
Microsoft Visual Studio Solution File, Format Version 12.00
# Visual Studio Version 17
VisualStudioVersion = 17.13.35806.99 d17.13
MinimumVisualStudioVersion = 10.0.40219.1
Project("{FAE04EC0-301F-11D3-BF4B-00C04F79EFBC}") = "Lab4", "Lab4.csproj", "{EC453DA1-166B-46E8-882D-FF868DA84858}"
EndProject
Global
	GlobalSection(SolutionConfigurationPlatforms) = preSolution
		Debug|Any CPU = Debug|Any CPU
		Release|Any CPU = Release|Any CPU
	EndGlobalSection
	GlobalSection(ProjectConfigurationPlatforms) = postSolution
		{EC453DA1-166B-46E8-882D-FF868DA84858}.Debug|Any CPU.ActiveCfg = Debug|Any CPU
		{EC453DA1-166B-46E8-882D-FF868DA84858}.Debug|Any CPU.Build.0 = Debug|Any CPU
		{EC453DA1-166B-46E8-882D-FF868DA84858}.Release|Any CPU.ActiveCfg = Release|Any CPU
		{EC453DA1-166B-46E8-882D-FF868DA84858}.Release|Any CPU.Build.0 = Release|Any CPU
	EndGlobalSection
	GlobalSection(SolutionProperties) = preSolution
		HideSolutionNode = FALSE
	EndGlobalSection
	GlobalSection(ExtensibilityGlobals) = postSolution
		SolutionGuid = {4106AAD5-B0A2-45AC-8550-9EB64C7F112C}
	EndGlobalSection
EndGlobal
