
Microsoft Visual Studio Solution File, Format Version 12.00
# Visual Studio Version 17
VisualStudioVersion = 17.13.35806.99 d17.13
MinimumVisualStudioVersion = 10.0.40219.1
Project("{FAE04EC0-301F-11D3-BF4B-00C04F79EFBC}") = "lab9_reestr", "lab9_reestr\lab9_reestr.csproj", "{D30BFBBB-A2D1-4797-AA21-F262ABC97D0E}"
EndProject
Global
	GlobalSection(SolutionConfigurationPlatforms) = preSolution
		Debug|Any CPU = Debug|Any CPU
		Release|Any CPU = Release|Any CPU
	EndGlobalSection
	GlobalSection(ProjectConfigurationPlatforms) = postSolution
		{D30BFBBB-A2D1-4797-AA21-F262ABC97D0E}.Debug|Any CPU.ActiveCfg = Debug|Any CPU
		{D30BFBBB-A2D1-4797-AA21-F262ABC97D0E}.Debug|Any CPU.Build.0 = Debug|Any CPU
		{D30BFBBB-A2D1-4797-AA21-F262ABC97D0E}.Release|Any CPU.ActiveCfg = Release|Any CPU
		{D30BFBBB-A2D1-4797-AA21-F262ABC97D0E}.Release|Any CPU.Build.0 = Release|Any CPU
	EndGlobalSection
	GlobalSection(SolutionProperties) = preSolution
		HideSolutionNode = FALSE
	EndGlobalSection
	GlobalSection(ExtensibilityGlobals) = postSolution
		SolutionGuid = {AA8CE28D-6CA3-4689-9AD7-6783FD5D45F7}
	EndGlobalSection
EndGlobal
