
Microsoft Visual Studio Solution File, Format Version 12.00
# Visual Studio Version 17
VisualStudioVersion = 17.13.35806.99 d17.13
MinimumVisualStudioVersion = 10.0.40219.1
Project("{FAE04EC0-301F-11D3-BF4B-00C04F79EFBC}") = "lab3", "lab3\lab3.csproj", "{BFAD0C97-D243-4B67-BCCF-8E598A3A6AC5}"
EndProject
Global
	GlobalSection(SolutionConfigurationPlatforms) = preSolution
		Debug|Any CPU = Debug|Any CPU
		Release|Any CPU = Release|Any CPU
	EndGlobalSection
	GlobalSection(ProjectConfigurationPlatforms) = postSolution
		{BFAD0C97-D243-4B67-BCCF-8E598A3A6AC5}.Debug|Any CPU.ActiveCfg = Debug|Any CPU
		{BFAD0C97-D243-4B67-BCCF-8E598A3A6AC5}.Debug|Any CPU.Build.0 = Debug|Any CPU
		{BFAD0C97-D243-4B67-BCCF-8E598A3A6AC5}.Release|Any CPU.ActiveCfg = Release|Any CPU
		{BFAD0C97-D243-4B67-BCCF-8E598A3A6AC5}.Release|Any CPU.Build.0 = Release|Any CPU
	EndGlobalSection
	GlobalSection(SolutionProperties) = preSolution
		HideSolutionNode = FALSE
	EndGlobalSection
	GlobalSection(ExtensibilityGlobals) = postSolution
		SolutionGuid = {2147C484-A16E-46A8-BBA3-9C1884C15CCE}
	EndGlobalSection
EndGlobal
